
Microsoft Visual Studio Solution File, Format Version 12.00
# Visual Studio 15
VisualStudioVersion = 15.0.27428.2015
MinimumVisualStudioVersion = 10.0.40219.1
Project("{FAE04EC0-301F-11D3-BF4B-00C04F79EFBC}") = "BLL", "BLL\BLL.csproj", "{9D2E88F5-F080-4A92-958F-3E42E6223DED}"
EndProject
Project("{FAE04EC0-301F-11D3-BF4B-00C04F79EFBC}") = "GUI", "GUI\GUI.csproj", "{408D0143-877F-44E6-9033-7BA9AB6A1E7F}"
EndProject
Project("{FAE04EC0-301F-11D3-BF4B-00C04F79EFBC}") = "DAL", "DAL\DAL.csproj", "{DB87A7D9-4FF9-4AFE-A8A1-EF383702E3D4}"
EndProject
Project("{FAE04EC0-301F-11D3-BF4B-00C04F79EFBC}") = "MODELO", "MODELO\MODELO.csproj", "{2C45D741-8814-4D58-8091-E692EEAE005E}"
EndProject
Project("{FAE04EC0-301F-11D3-BF4B-00C04F79EFBC}") = "SistemaComercial", "SistemaComercial\SistemaComercial.csproj", "{D556D519-054F-478A-B7CC-3C8117CDAF3F}"
EndProject
Global
	GlobalSection(SolutionConfigurationPlatforms) = preSolution
		Debug|Any CPU = Debug|Any CPU
		Release|Any CPU = Release|Any CPU
	EndGlobalSection
	GlobalSection(ProjectConfigurationPlatforms) = postSolution
		{9D2E88F5-F080-4A92-958F-3E42E6223DED}.Debug|Any CPU.ActiveCfg = Debug|Any CPU
		{9D2E88F5-F080-4A92-958F-3E42E6223DED}.Debug|Any CPU.Build.0 = Debug|Any CPU
		{9D2E88F5-F080-4A92-958F-3E42E6223DED}.Release|Any CPU.ActiveCfg = Release|Any CPU
		{9D2E88F5-F080-4A92-958F-3E42E6223DED}.Release|Any CPU.Build.0 = Release|Any CPU
		{408D0143-877F-44E6-9033-7BA9AB6A1E7F}.Debug|Any CPU.ActiveCfg = Debug|Any CPU
		{408D0143-877F-44E6-9033-7BA9AB6A1E7F}.Debug|Any CPU.Build.0 = Debug|Any CPU
		{408D0143-877F-44E6-9033-7BA9AB6A1E7F}.Release|Any CPU.ActiveCfg = Release|Any CPU
		{408D0143-877F-44E6-9033-7BA9AB6A1E7F}.Release|Any CPU.Build.0 = Release|Any CPU
		{DB87A7D9-4FF9-4AFE-A8A1-EF383702E3D4}.Debug|Any CPU.ActiveCfg = Debug|Any CPU
		{DB87A7D9-4FF9-4AFE-A8A1-EF383702E3D4}.Debug|Any CPU.Build.0 = Debug|Any CPU
		{DB87A7D9-4FF9-4AFE-A8A1-EF383702E3D4}.Release|Any CPU.ActiveCfg = Release|Any CPU
		{DB87A7D9-4FF9-4AFE-A8A1-EF383702E3D4}.Release|Any CPU.Build.0 = Release|Any CPU
		{2C45D741-8814-4D58-8091-E692EEAE005E}.Debug|Any CPU.ActiveCfg = Debug|Any CPU
		{2C45D741-8814-4D58-8091-E692EEAE005E}.Debug|Any CPU.Build.0 = Debug|Any CPU
		{2C45D741-8814-4D58-8091-E692EEAE005E}.Release|Any CPU.ActiveCfg = Release|Any CPU
		{2C45D741-8814-4D58-8091-E692EEAE005E}.Release|Any CPU.Build.0 = Release|Any CPU
		{D556D519-054F-478A-B7CC-3C8117CDAF3F}.Debug|Any CPU.ActiveCfg = Debug|Any CPU
		{D556D519-054F-478A-B7CC-3C8117CDAF3F}.Debug|Any CPU.Build.0 = Debug|Any CPU
		{D556D519-054F-478A-B7CC-3C8117CDAF3F}.Release|Any CPU.ActiveCfg = Release|Any CPU
		{D556D519-054F-478A-B7CC-3C8117CDAF3F}.Release|Any CPU.Build.0 = Release|Any CPU
	EndGlobalSection
	GlobalSection(SolutionProperties) = preSolution
		HideSolutionNode = FALSE
	EndGlobalSection
	GlobalSection(ExtensibilityGlobals) = postSolution
		SolutionGuid = {66A3AFFB-E838-461C-B290-6BBD79DF28AC}
	EndGlobalSection
EndGlobal
